
Microsoft Visual Studio Solution File, Format Version 12.00
# Visual Studio Version 16
VisualStudioVersion = 16.0.30114.105
MinimumVisualStudioVersion = 10.0.40219.1
Project("{FAE04EC0-301F-11D3-BF4B-00C04F79EFBC}") = "WordSearch", "WordSearch\WordSearch.csproj", "{49284FD9-D2CB-4ED2-B3FE-2A98AB83A725}"
EndProject
Global
	GlobalSection(SolutionConfigurationPlatforms) = preSolution
		Debug|Any CPU = Debug|Any CPU
		Release|Any CPU = Release|Any CPU
	EndGlobalSection
	GlobalSection(ProjectConfigurationPlatforms) = postSolution
		{49284FD9-D2CB-4ED2-B3FE-2A98AB83A725}.Debug|Any CPU.ActiveCfg = Debug|Any CPU
		{49284FD9-D2CB-4ED2-B3FE-2A98AB83A725}.Debug|Any CPU.Build.0 = Debug|Any CPU
		{49284FD9-D2CB-4ED2-B3FE-2A98AB83A725}.Release|Any CPU.ActiveCfg = Release|Any CPU
		{49284FD9-D2CB-4ED2-B3FE-2A98AB83A725}.Release|Any CPU.Build.0 = Release|Any CPU
	EndGlobalSection
	GlobalSection(SolutionProperties) = preSolution
		HideSolutionNode = FALSE
	EndGlobalSection
	GlobalSection(ExtensibilityGlobals) = postSolution
		SolutionGuid = {D61AA929-8048-4F1D-B621-B2C0D5910548}
	EndGlobalSection
EndGlobal
